
Microsoft Visual Studio Solution File, Format Version 12.00
# Visual Studio 15
VisualStudioVersion = 15.0.27130.2027
MinimumVisualStudioVersion = 10.0.40219.1
Project("{9A19103F-16F7-4668-BE54-9A1E7A4F7556}") = "Example01", "Example01\Example01.csproj", "{E07A0CBD-49DB-4A00-B0D1-2A1BDBB2C27E}"
EndProject
Project("{9A19103F-16F7-4668-BE54-9A1E7A4F7556}") = "Example02", "Example02\Example02.csproj", "{F76CE7FC-16F8-46E3-8821-1CFBC2BD82D2}"
EndProject
Global
	GlobalSection(SolutionConfigurationPlatforms) = preSolution
		Debug|Any CPU = Debug|Any CPU
		Release|Any CPU = Release|Any CPU
	EndGlobalSection
	GlobalSection(ProjectConfigurationPlatforms) = postSolution
		{E07A0CBD-49DB-4A00-B0D1-2A1BDBB2C27E}.Debug|Any CPU.ActiveCfg = Debug|Any CPU
		{E07A0CBD-49DB-4A00-B0D1-2A1BDBB2C27E}.Debug|Any CPU.Build.0 = Debug|Any CPU
		{E07A0CBD-49DB-4A00-B0D1-2A1BDBB2C27E}.Release|Any CPU.ActiveCfg = Release|Any CPU
		{E07A0CBD-49DB-4A00-B0D1-2A1BDBB2C27E}.Release|Any CPU.Build.0 = Release|Any CPU
		{F76CE7FC-16F8-46E3-8821-1CFBC2BD82D2}.Debug|Any CPU.ActiveCfg = Debug|Any CPU
		{F76CE7FC-16F8-46E3-8821-1CFBC2BD82D2}.Debug|Any CPU.Build.0 = Debug|Any CPU
		{F76CE7FC-16F8-46E3-8821-1CFBC2BD82D2}.Release|Any CPU.ActiveCfg = Release|Any CPU
		{F76CE7FC-16F8-46E3-8821-1CFBC2BD82D2}.Release|Any CPU.Build.0 = Release|Any CPU
	EndGlobalSection
	GlobalSection(SolutionProperties) = preSolution
		HideSolutionNode = FALSE
	EndGlobalSection
	GlobalSection(ExtensibilityGlobals) = postSolution
		SolutionGuid = {304F1C3D-D0E2-4E58-888F-DA36D6F7DB16}
	EndGlobalSection
EndGlobal
